
Microsoft Visual Studio Solution File, Format Version 12.00
# Visual Studio Version 17
VisualStudioVersion = 17.11.35222.181
MinimumVisualStudioVersion = 10.0.40219.1
Project("{9A19103F-16F7-4668-BE54-9A1E7A4F7556}") = "OmerBagrutSite", "OmerBagrutSite\OmerBagrutSite.csproj", "{76F89417-A3E9-45EE-9894-FFB3DBBC2948}"
EndProject
Global
	GlobalSection(SolutionConfigurationPlatforms) = preSolution
		Debug|Any CPU = Debug|Any CPU
		Release|Any CPU = Release|Any CPU
	EndGlobalSection
	GlobalSection(ProjectConfigurationPlatforms) = postSolution
		{76F89417-A3E9-45EE-9894-FFB3DBBC2948}.Debug|Any CPU.ActiveCfg = Debug|Any CPU
		{76F89417-A3E9-45EE-9894-FFB3DBBC2948}.Debug|Any CPU.Build.0 = Debug|Any CPU
		{76F89417-A3E9-45EE-9894-FFB3DBBC2948}.Release|Any CPU.ActiveCfg = Release|Any CPU
		{76F89417-A3E9-45EE-9894-FFB3DBBC2948}.Release|Any CPU.Build.0 = Release|Any CPU
	EndGlobalSection
	GlobalSection(SolutionProperties) = preSolution
		HideSolutionNode = FALSE
	EndGlobalSection
	GlobalSection(ExtensibilityGlobals) = postSolution
		SolutionGuid = {626561F3-A6CA-457B-9E17-F3F2E2CD0DAA}
	EndGlobalSection
EndGlobal
